// !$*UTF8*$!
{
	archiveVersion = 1;
	classes = {
	};
	objectVersion = 50;
	objects = {

/* Begin PBXBuildFile section */
		7A15BBE92245322A009957DA /* AppDelegate.swift in Sources */ = {isa = PBXBuildFile; fileRef = 7A15BBE82245322A009957DA /* AppDelegate.swift */; };
		7A15BBEB2245322A009957DA /* MapViewController.swift in Sources */ = {isa = PBXBuildFile; fileRef = 7A15BBEA2245322A009957DA /* MapViewController.swift */; };
		7A15BBEE2245322A009957DA /* Main.storyboard in Resources */ = {isa = PBXBuildFile; fileRef = 7A15BBEC2245322A009957DA /* Main.storyboard */; };
		7A15BBF02245322F009957DA /* Assets.xcassets in Resources */ = {isa = PBXBuildFile; fileRef = 7A15BBEF2245322F009957DA /* Assets.xcassets */; };
		7A15BBF32245322F009957DA /* LaunchScreen.storyboard in Resources */ = {isa = PBXBuildFile; fileRef = 7A15BBF12245322F009957DA /* LaunchScreen.storyboard */; };
		7AB9B58A224538890091A03D /* ExperienceViewController.swift in Sources */ = {isa = PBXBuildFile; fileRef = 7AB9B589224538890091A03D /* ExperienceViewController.swift */; };
		7AB9B58C22453A970091A03D /* VideoRecordingViewController.swift in Sources */ = {isa = PBXBuildFile; fileRef = 7AB9B58B22453A970091A03D /* VideoRecordingViewController.swift */; };
		7AB9B58E22453B420091A03D /* CameraPreviewPreview.swift in Sources */ = {isa = PBXBuildFile; fileRef = 7AB9B58D22453B420091A03D /* CameraPreviewPreview.swift */; };
		7AB9B59322453DC90091A03D /* Experience.swift in Sources */ = {isa = PBXBuildFile; fileRef = 7AB9B59222453DC90091A03D /* Experience.swift */; };
		7AB9B59622453E720091A03D /* ExperienceController.swift in Sources */ = {isa = PBXBuildFile; fileRef = 7AB9B59522453E720091A03D /* ExperienceController.swift */; };
		7AB9B5992245455B0091A03D /* LocationHelper.swift in Sources */ = {isa = PBXBuildFile; fileRef = 7AB9B5982245455B0091A03D /* LocationHelper.swift */; };
/* End PBXBuildFile section */

/* Begin PBXFileReference section */
		7A15BBE52245322A009957DA /* Experiences.app */ = {isa = PBXFileReference; explicitFileType = wrapper.application; includeInIndex = 0; path = Experiences.app; sourceTree = BUILT_PRODUCTS_DIR; };
		7A15BBE82245322A009957DA /* AppDelegate.swift */ = {isa = PBXFileReference; lastKnownFileType = sourcecode.swift; path = AppDelegate.swift; sourceTree = "<group>"; };
		7A15BBEA2245322A009957DA /* MapViewController.swift */ = {isa = PBXFileReference; lastKnownFileType = sourcecode.swift; path = MapViewController.swift; sourceTree = "<group>"; };
		7A15BBED2245322A009957DA /* Base */ = {isa = PBXFileReference; lastKnownFileType = file.storyboard; name = Base; path = Base.lproj/Main.storyboard; sourceTree = "<group>"; };
		7A15BBEF2245322F009957DA /* Assets.xcassets */ = {isa = PBXFileReference; lastKnownFileType = folder.assetcatalog; path = Assets.xcassets; sourceTree = "<group>"; };
		7A15BBF22245322F009957DA /* Base */ = {isa = PBXFileReference; lastKnownFileType = file.storyboard; name = Base; path = Base.lproj/LaunchScreen.storyboard; sourceTree = "<group>"; };
		7A15BBF42245322F009957DA /* Info.plist */ = {isa = PBXFileReference; lastKnownFileType = text.plist.xml; path = Info.plist; sourceTree = "<group>"; };
		7AB9B589224538890091A03D /* ExperienceViewController.swift */ = {isa = PBXFileReference; lastKnownFileType = sourcecode.swift; path = ExperienceViewController.swift; sourceTree = "<group>"; };
		7AB9B58B22453A970091A03D /* VideoRecordingViewController.swift */ = {isa = PBXFileReference; lastKnownFileType = sourcecode.swift; path = VideoRecordingViewController.swift; sourceTree = "<group>"; };
		7AB9B58D22453B420091A03D /* CameraPreviewPreview.swift */ = {isa = PBXFileReference; lastKnownFileType = sourcecode.swift; path = CameraPreviewPreview.swift; sourceTree = "<group>"; };
		7AB9B59222453DC90091A03D /* Experience.swift */ = {isa = PBXFileReference; lastKnownFileType = sourcecode.swift; path = Experience.swift; sourceTree = "<group>"; };
		7AB9B59522453E720091A03D /* ExperienceController.swift */ = {isa = PBXFileReference; lastKnownFileType = sourcecode.swift; path = ExperienceController.swift; sourceTree = "<group>"; };
		7AB9B5982245455B0091A03D /* LocationHelper.swift */ = {isa = PBXFileReference; lastKnownFileType = sourcecode.swift; path = LocationHelper.swift; sourceTree = "<group>"; };
/* End PBXFileReference section */

/* Begin PBXFrameworksBuildPhase section */
		7A15BBE22245322A009957DA /* Frameworks */ = {
			isa = PBXFrameworksBuildPhase;
			buildActionMask = 2147483647;
			files = (
			);
			runOnlyForDeploymentPostprocessing = 0;
		};
/* End PBXFrameworksBuildPhase section */

/* Begin PBXGroup section */
		7A15BBDC2245322A009957DA = {
			isa = PBXGroup;
			children = (
				7A15BBE72245322A009957DA /* Experiences */,
				7A15BBE62245322A009957DA /* Products */,
			);
			sourceTree = "<group>";
		};
		7A15BBE62245322A009957DA /* Products */ = {
			isa = PBXGroup;
			children = (
				7A15BBE52245322A009957DA /* Experiences.app */,
			);
			name = Products;
			sourceTree = "<group>";
		};
		7A15BBE72245322A009957DA /* Experiences */ = {
			isa = PBXGroup;
			children = (
				7A15BBE82245322A009957DA /* AppDelegate.swift */,
				7AB9B58F22453BE00091A03D /* Helpers */,
				7AB9B59422453E110091A03D /* Model */,
				7AB9B59722453EAE0091A03D /* Model Controller */,
				7AB9B59022453BED0091A03D /* View Controllers */,
				7A15BBEC2245322A009957DA /* Main.storyboard */,
				7A15BBEF2245322F009957DA /* Assets.xcassets */,
				7A15BBF12245322F009957DA /* LaunchScreen.storyboard */,
				7A15BBF42245322F009957DA /* Info.plist */,
			);
			path = Experiences;
			sourceTree = "<group>";
		};
		7AB9B58F22453BE00091A03D /* Helpers */ = {
			isa = PBXGroup;
			children = (
				7AB9B58D22453B420091A03D /* CameraPreviewPreview.swift */,
				7AB9B5982245455B0091A03D /* LocationHelper.swift */,
			);
			path = Helpers;
			sourceTree = "<group>";
		};
		7AB9B59022453BED0091A03D /* View Controllers */ = {
			isa = PBXGroup;
			children = (
				7A15BBEA2245322A009957DA /* MapViewController.swift */,
				7AB9B589224538890091A03D /* ExperienceViewController.swift */,
				7AB9B58B22453A970091A03D /* VideoRecordingViewController.swift */,
			);
			path = "View Controllers";
			sourceTree = "<group>";
		};
		7AB9B59422453E110091A03D /* Model */ = {
			isa = PBXGroup;
			children = (
				7AB9B59222453DC90091A03D /* Experience.swift */,
			);
			path = Model;
			sourceTree = "<group>";
		};
		7AB9B59722453EAE0091A03D /* Model Controller */ = {
			isa = PBXGroup;
			children = (
				7AB9B59522453E720091A03D /* ExperienceController.swift */,
			);
			path = "Model Controller";
			sourceTree = "<group>";
		};
/* End PBXGroup section */

/* Begin PBXNativeTarget section */
		7A15BBE42245322A009957DA /* Experiences */ = {
			isa = PBXNativeTarget;
			buildConfigurationList = 7A15BBF72245322F009957DA /* Build configuration list for PBXNativeTarget "Experiences" */;
			buildPhases = (
				7A15BBE12245322A009957DA /* Sources */,
				7A15BBE22245322A009957DA /* Frameworks */,
				7A15BBE32245322A009957DA /* Resources */,
			);
			buildRules = (
			);
			dependencies = (
			);
			name = Experiences;
			productName = Experiences;
			productReference = 7A15BBE52245322A009957DA /* Experiences.app */;
			productType = "com.apple.product-type.application";
		};
/* End PBXNativeTarget section */

/* Begin PBXProject section */
		7A15BBDD2245322A009957DA /* Project object */ = {
			isa = PBXProject;
			attributes = {
				LastSwiftUpdateCheck = 1010;
				LastUpgradeCheck = 1010;
				ORGANIZATIONNAME = "Nelson Gonzalez";
				TargetAttributes = {
					7A15BBE42245322A009957DA = {
						CreatedOnToolsVersion = 10.1;
					};
				};
			};
			buildConfigurationList = 7A15BBE02245322A009957DA /* Build configuration list for PBXProject "Experiences" */;
			compatibilityVersion = "Xcode 9.3";
			developmentRegion = en;
			hasScannedForEncodings = 0;
			knownRegions = (
				en,
				Base,
			);
			mainGroup = 7A15BBDC2245322A009957DA;
			productRefGroup = 7A15BBE62245322A009957DA /* Products */;
			projectDirPath = "";
			projectRoot = "";
			targets = (
				7A15BBE42245322A009957DA /* Experiences */,
			);
		};
/* End PBXProject section */

/* Begin PBXResourcesBuildPhase section */
		7A15BBE32245322A009957DA /* Resources */ = {
			isa = PBXResourcesBuildPhase;
			buildActionMask = 2147483647;
			files = (
				7A15BBF32245322F009957DA /* LaunchScreen.storyboard in Resources */,
				7A15BBF02245322F009957DA /* Assets.xcassets in Resources */,
				7A15BBEE2245322A009957DA /* Main.storyboard in Resources */,
			);
			runOnlyForDeploymentPostprocessing = 0;
		};
/* End PBXResourcesBuildPhase section */

/* Begin PBXSourcesBuildPhase section */
		7A15BBE12245322A009957DA /* Sources */ = {
			isa = PBXSourcesBuildPhase;
			buildActionMask = 2147483647;
			files = (
				7AB9B5992245455B0091A03D /* LocationHelper.swift in Sources */,
				7AB9B58E22453B420091A03D /* CameraPreviewPreview.swift in Sources */,
				7AB9B58C22453A970091A03D /* VideoRecordingViewController.swift in Sources */,
				7AB9B58A224538890091A03D /* ExperienceViewController.swift in Sources */,
				7AB9B59322453DC90091A03D /* Experience.swift in Sources */,
				7A15BBEB2245322A009957DA /* MapViewController.swift in Sources */,
				7A15BBE92245322A009957DA /* AppDelegate.swift in Sources */,
				7AB9B59622453E720091A03D /* ExperienceController.swift in Sources */,
			);
			runOnlyForDeploymentPostprocessing = 0;
		};
/* End PBXSourcesBuildPhase section */

/* Begin PBXVariantGroup section */
		7A15BBEC2245322A009957DA /* Main.storyboard */ = {
			isa = PBXVariantGroup;
			children = (
				7A15BBED2245322A009957DA /* Base */,
			);
			name = Main.storyboard;
			sourceTree = "<group>";
		};
		7A15BBF12245322F009957DA /* LaunchScreen.storyboard */ = {
			isa = PBXVariantGroup;
			children = (
				7A15BBF22245322F009957DA /* Base */,
			);
			name = LaunchScreen.storyboard;
			sourceTree = "<group>";
		};
/* End PBXVariantGroup section */

/* Begin XCBuildConfiguration section */
		7A15BBF52245322F009957DA /* Debug */ = {
			isa = XCBuildConfiguration;
			buildSettings = {
				ALWAYS_SEARCH_USER_PATHS = NO;
				CLANG_ANALYZER_NONNULL = YES;
				CLANG_ANALYZER_NUMBER_OBJECT_CONVERSION = YES_AGGRESSIVE;
				CLANG_CXX_LANGUAGE_STANDARD = "gnu++14";
				CLANG_CXX_LIBRARY = "libc++";
				CLANG_ENABLE_MODULES = YES;
				CLANG_ENABLE_OBJC_ARC = YES;
				CLANG_ENABLE_OBJC_WEAK = YES;
				CLANG_WARN_BLOCK_CAPTURE_AUTORELEASING = YES;
				CLANG_WARN_BOOL_CONVERSION = YES;
				CLANG_WARN_COMMA = YES;
				CLANG_WARN_CONSTANT_CONVERSION = YES;
				CLANG_WARN_DEPRECATED_OBJC_IMPLEMENTATIONS = YES;
				CLANG_WARN_DIRECT_OBJC_ISA_USAGE = YES_ERROR;
				CLANG_WARN_DOCUMENTATION_COMMENTS = YES;
				CLANG_WARN_EMPTY_BODY = YES;
				CLANG_WARN_ENUM_CONVERSION = YES;
				CLANG_WARN_INFINITE_RECURSION = YES;
				CLANG_WARN_INT_CONVERSION = YES;
				CLANG_WARN_NON_LITERAL_NULL_CONVERSION = YES;
				CLANG_WARN_OBJC_IMPLICIT_RETAIN_SELF = YES;
				CLANG_WARN_OBJC_LITERAL_CONVERSION = YES;
				CLANG_WARN_OBJC_ROOT_CLASS = YES_ERROR;
				CLANG_WARN_RANGE_LOOP_ANALYSIS = YES;
				CLANG_WARN_STRICT_PROTOTYPES = YES;
				CLANG_WARN_SUSPICIOUS_MOVE = YES;
				CLANG_WARN_UNGUARDED_AVAILABILITY = YES_AGGRESSIVE;
				CLANG_WARN_UNREACHABLE_CODE = YES;
				CLANG_WARN__DUPLICATE_METHOD_MATCH = YES;
				CODE_SIGN_IDENTITY = "iPhone Developer";
				COPY_PHASE_STRIP = NO;
				DEBUG_INFORMATION_FORMAT = dwarf;
				ENABLE_STRICT_OBJC_MSGSEND = YES;
				ENABLE_TESTABILITY = YES;
				GCC_C_LANGUAGE_STANDARD = gnu11;
				GCC_DYNAMIC_NO_PIC = NO;
				GCC_NO_COMMON_BLOCKS = YES;
				GCC_OPTIMIZATION_LEVEL = 0;
				GCC_PREPROCESSOR_DEFINITIONS = (
					"DEBUG=1",
					"$(inherited)",
				);
				GCC_WARN_64_TO_32_BIT_CONVERSION = YES;
				GCC_WARN_ABOUT_RETURN_TYPE = YES_ERROR;
				GCC_WARN_UNDECLARED_SELECTOR = YES;
				GCC_WARN_UNINITIALIZED_AUTOS = YES_AGGRESSIVE;
				GCC_WARN_UNUSED_FUNCTION = YES;
				GCC_WARN_UNUSED_VARIABLE = YES;
				IPHONEOS_DEPLOYMENT_TARGET = 12.1;
				MTL_ENABLE_DEBUG_INFO = INCLUDE_SOURCE;
				MTL_FAST_MATH = YES;
				ONLY_ACTIVE_ARCH = YES;
				SDKROOT = iphoneos;
				SWIFT_ACTIVE_COMPILATION_CONDITIONS = DEBUG;
				SWIFT_OPTIMIZATION_LEVEL = "-Onone";
			};
			name = Debug;
		};
		7A15BBF62245322F009957DA /* Release */ = {
			isa = XCBuildConfiguration;
			buildSettings = {
				ALWAYS_SEARCH_USER_PATHS = NO;
				CLANG_ANALYZER_NONNULL = YES;
				CLANG_ANALYZER_NUMBER_OBJECT_CONVERSION = YES_AGGRESSIVE;
				CLANG_CXX_LANGUAGE_STANDARD = "gnu++14";
				CLANG_CXX_LIBRARY = "libc++";
				CLANG_ENABLE_MODULES = YES;
				CLANG_ENABLE_OBJC_ARC = YES;
				CLANG_ENABLE_OBJC_WEAK = YES;
				CLANG_WARN_BLOCK_CAPTURE_AUTORELEASING = YES;
				CLANG_WARN_BOOL_CONVERSION = YES;
				CLANG_WARN_COMMA = YES;
				CLANG_WARN_CONSTANT_CONVERSION = YES;
				CLANG_WARN_DEPRECATED_OBJC_IMPLEMENTATIONS = YES;
				CLANG_WARN_DIRECT_OBJC_ISA_USAGE = YES_ERROR;
				CLANG_WARN_DOCUMENTATION_COMMENTS = YES;
				CLANG_WARN_EMPTY_BODY = YES;
				CLANG_WARN_ENUM_CONVERSION = YES;
				CLANG_WARN_INFINITE_RECURSION = YES;
				CLANG_WARN_INT_CONVERSION = YES;
				CLANG_WARN_NON_LITERAL_NULL_CONVERSION = YES;
				CLANG_WARN_OBJC_IMPLICIT_RETAIN_SELF = YES;
				CLANG_WARN_OBJC_LITERAL_CONVERSION = YES;
				CLANG_WARN_OBJC_ROOT_CLASS = YES_ERROR;
				CLANG_WARN_RANGE_LOOP_ANALYSIS = YES;
				CLANG_WARN_STRICT_PROTOTYPES = YES;
				CLANG_WARN_SUSPICIOUS_MOVE = YES;
				CLANG_WARN_UNGUARDED_AVAILABILITY = YES_AGGRESSIVE;
				CLANG_WARN_UNREACHABLE_CODE = YES;
				CLANG_WARN__DUPLICATE_METHOD_MATCH = YES;
				CODE_SIGN_IDENTITY = "iPhone Developer";
				COPY_PHASE_STRIP = NO;
				DEBUG_INFORMATION_FORMAT = "dwarf-with-dsym";
				ENABLE_NS_ASSERTIONS = NO;
				ENABLE_STRICT_OBJC_MSGSEND = YES;
				GCC_C_LANGUAGE_STANDARD = gnu11;
				GCC_NO_COMMON_BLOCKS = YES;
				GCC_WARN_64_TO_32_BIT_CONVERSION = YES;
				GCC_WARN_ABOUT_RETURN_TYPE = YES_ERROR;
				GCC_WARN_UNDECLARED_SELECTOR = YES;
				GCC_WARN_UNINITIALIZED_AUTOS = YES_AGGRESSIVE;
				GCC_WARN_UNUSED_FUNCTION = YES;
				GCC_WARN_UNUSED_VARIABLE = YES;
				IPHONEOS_DEPLOYMENT_TARGET = 12.1;
				MTL_ENABLE_DEBUG_INFO = NO;
				MTL_FAST_MATH = YES;
				SDKROOT = iphoneos;
				SWIFT_COMPILATION_MODE = wholemodule;
				SWIFT_OPTIMIZATION_LEVEL = "-O";
				VALIDATE_PRODUCT = YES;
			};
			name = Release;
		};
		7A15BBF82245322F009957DA /* Debug */ = {
			isa = XCBuildConfiguration;
			buildSettings = {
				ASSETCATALOG_COMPILER_APPICON_NAME = AppIcon;
				CODE_SIGN_STYLE = Automatic;
				DEVELOPMENT_TEAM = ZD9LN99SX6;
				INFOPLIST_FILE = Experiences/Info.plist;
				LD_RUNPATH_SEARCH_PATHS = (
					"$(inherited)",
					"@executable_path/Frameworks",
				);
				PRODUCT_BUNDLE_IDENTIFIER = com.nelsongonzalez.Experiences;
				PRODUCT_NAME = "$(TARGET_NAME)";
				SWIFT_VERSION = 4.2;
				TARGETED_DEVICE_FAMILY = "1,2";
			};
			name = Debug;
		};
		7A15BBF92245322F009957DA /* Release */ = {
			isa = XCBuildConfiguration;
			buildSettings = {
				ASSETCATALOG_COMPILER_APPICON_NAME = AppIcon;
				CODE_SIGN_STYLE = Automatic;
				DEVELOPMENT_TEAM = ZD9LN99SX6;
				INFOPLIST_FILE = Experiences/Info.plist;
				LD_RUNPATH_SEARCH_PATHS = (
					"$(inherited)",
					"@executable_path/Frameworks",
				);
				PRODUCT_BUNDLE_IDENTIFIER = com.nelsongonzalez.Experiences;
				PRODUCT_NAME = "$(TARGET_NAME)";
				SWIFT_VERSION = 4.2;
				TARGETED_DEVICE_FAMILY = "1,2";
			};
			name = Release;
		};
/* End XCBuildConfiguration section */

/* Begin XCConfigurationList section */
		7A15BBE02245322A009957DA /* Build configuration list for PBXProject "Experiences" */ = {
			isa = XCConfigurationList;
			buildConfigurations = (
				7A15BBF52245322F009957DA /* Debug */,
				7A15BBF62245322F009957DA /* Release */,
			);
			defaultConfigurationIsVisible = 0;
			defaultConfigurationName = Release;
		};
		7A15BBF72245322F009957DA /* Build configuration list for PBXNativeTarget "Experiences" */ = {
			isa = XCConfigurationList;
			buildConfigurations = (
				7A15BBF82245322F009957DA /* Debug */,
				7A15BBF92245322F009957DA /* Release */,
			);
			defaultConfigurationIsVisible = 0;
			defaultConfigurationName = Release;
		};
/* End XCConfigurationList section */
	};
	rootObject = 7A15BBDD2245322A009957DA /* Project object */;
}
